
Microsoft Visual Studio Solution File, Format Version 12.00
# Visual Studio Version 17
VisualStudioVersion = 17.9.34728.123
MinimumVisualStudioVersion = 10.0.40219.1
Project("{9A19103F-16F7-4668-BE54-9A1E7A4F7556}") = "ConsoleApp", "ConsoleApp\ConsoleApp.csproj", "{BBB0B4C5-EF04-4ED3-9381-59639A6A3849}"
EndProject
Project("{9A19103F-16F7-4668-BE54-9A1E7A4F7556}") = "ConsoleApp.Test.xUnit", "ConsoleApp.Test.xUnit\ConsoleApp.Test.xUnit.csproj", "{3B738839-4636-4E85-AF51-173569B83C20}"
EndProject
Project("{FAE04EC0-301F-11D3-BF4B-00C04F79EFBC}") = "ConsoleApp.Test.NUnit", "ConsoleApp.Test.NUnit\ConsoleApp.Test.NUnit.csproj", "{E473553F-3F4B-4430-9B62-81E6E8130280}"
EndProject
Project("{FAE04EC0-301F-11D3-BF4B-00C04F79EFBC}") = "ConsoleApp.Test.MSTest", "ConsoleApp.Test.MSTest\ConsoleApp.Test.MSTest.csproj", "{20521918-F55A-4B74-A714-C6EFFC46373A}"
EndProject
Project("{FAE04EC0-301F-11D3-BF4B-00C04F79EFBC}") = "Shop", "Shop\Shop.csproj", "{4102CCFD-BD81-4787-94BB-591FD2DAFD3B}"
EndProject
Project("{FAE04EC0-301F-11D3-BF4B-00C04F79EFBC}") = "ShopTest", "ShopTest\ShopTest.csproj", "{56D8DA97-18F1-44F9-B8F0-E501B9FCCDB3}"
EndProject
Project("{FAE04EC0-301F-11D3-BF4B-00C04F79EFBC}") = "WebAPI", "WebAPI\WebAPI.csproj", "{A0923B0A-3F79-42E4-BB9A-D4BBD4FAF534}"
EndProject
Project("{FAE04EC0-301F-11D3-BF4B-00C04F79EFBC}") = "Models", "Models\Models.csproj", "{6A0F2C74-2B10-4839-8DA7-83FC2A183B94}"
EndProject
Project("{FAE04EC0-301F-11D3-BF4B-00C04F79EFBC}") = "Services.Interfaces", "Services.Interfaces\Services.Interfaces.csproj", "{E693D582-5BE4-4D88-A84C-257C8ED996DE}"
EndProject
Project("{FAE04EC0-301F-11D3-BF4B-00C04F79EFBC}") = "WebAPI.Test", "WebAPI.Test\WebAPI.Test.csproj", "{BA47DD1A-56E2-44A1-9790-1E6661A3AEA7}"
EndProject
Project("{FAE04EC0-301F-11D3-BF4B-00C04F79EFBC}") = "WpfApp", "WpfApp\WpfApp.csproj", "{0F15FFD0-3EB1-4CDF-9EDE-59CBCFECAA1C}"
EndProject
Global
	GlobalSection(SolutionConfigurationPlatforms) = preSolution
		Debug|Any CPU = Debug|Any CPU
		Release|Any CPU = Release|Any CPU
	EndGlobalSection
	GlobalSection(ProjectConfigurationPlatforms) = postSolution
		{BBB0B4C5-EF04-4ED3-9381-59639A6A3849}.Debug|Any CPU.ActiveCfg = Debug|Any CPU
		{BBB0B4C5-EF04-4ED3-9381-59639A6A3849}.Debug|Any CPU.Build.0 = Debug|Any CPU
		{BBB0B4C5-EF04-4ED3-9381-59639A6A3849}.Release|Any CPU.ActiveCfg = Release|Any CPU
		{BBB0B4C5-EF04-4ED3-9381-59639A6A3849}.Release|Any CPU.Build.0 = Release|Any CPU
		{3B738839-4636-4E85-AF51-173569B83C20}.Debug|Any CPU.ActiveCfg = Debug|Any CPU
		{3B738839-4636-4E85-AF51-173569B83C20}.Debug|Any CPU.Build.0 = Debug|Any CPU
		{3B738839-4636-4E85-AF51-173569B83C20}.Release|Any CPU.ActiveCfg = Release|Any CPU
		{3B738839-4636-4E85-AF51-173569B83C20}.Release|Any CPU.Build.0 = Release|Any CPU
		{E473553F-3F4B-4430-9B62-81E6E8130280}.Debug|Any CPU.ActiveCfg = Debug|Any CPU
		{E473553F-3F4B-4430-9B62-81E6E8130280}.Debug|Any CPU.Build.0 = Debug|Any CPU
		{E473553F-3F4B-4430-9B62-81E6E8130280}.Release|Any CPU.ActiveCfg = Release|Any CPU
		{E473553F-3F4B-4430-9B62-81E6E8130280}.Release|Any CPU.Build.0 = Release|Any CPU
		{20521918-F55A-4B74-A714-C6EFFC46373A}.Debug|Any CPU.ActiveCfg = Debug|Any CPU
		{20521918-F55A-4B74-A714-C6EFFC46373A}.Debug|Any CPU.Build.0 = Debug|Any CPU
		{20521918-F55A-4B74-A714-C6EFFC46373A}.Release|Any CPU.ActiveCfg = Release|Any CPU
		{20521918-F55A-4B74-A714-C6EFFC46373A}.Release|Any CPU.Build.0 = Release|Any CPU
		{4102CCFD-BD81-4787-94BB-591FD2DAFD3B}.Debug|Any CPU.ActiveCfg = Debug|Any CPU
		{4102CCFD-BD81-4787-94BB-591FD2DAFD3B}.Debug|Any CPU.Build.0 = Debug|Any CPU
		{4102CCFD-BD81-4787-94BB-591FD2DAFD3B}.Release|Any CPU.ActiveCfg = Release|Any CPU
		{4102CCFD-BD81-4787-94BB-591FD2DAFD3B}.Release|Any CPU.Build.0 = Release|Any CPU
		{56D8DA97-18F1-44F9-B8F0-E501B9FCCDB3}.Debug|Any CPU.ActiveCfg = Debug|Any CPU
		{56D8DA97-18F1-44F9-B8F0-E501B9FCCDB3}.Debug|Any CPU.Build.0 = Debug|Any CPU
		{56D8DA97-18F1-44F9-B8F0-E501B9FCCDB3}.Release|Any CPU.ActiveCfg = Release|Any CPU
		{56D8DA97-18F1-44F9-B8F0-E501B9FCCDB3}.Release|Any CPU.Build.0 = Release|Any CPU
		{A0923B0A-3F79-42E4-BB9A-D4BBD4FAF534}.Debug|Any CPU.ActiveCfg = Debug|Any CPU
		{A0923B0A-3F79-42E4-BB9A-D4BBD4FAF534}.Debug|Any CPU.Build.0 = Debug|Any CPU
		{A0923B0A-3F79-42E4-BB9A-D4BBD4FAF534}.Release|Any CPU.ActiveCfg = Release|Any CPU
		{A0923B0A-3F79-42E4-BB9A-D4BBD4FAF534}.Release|Any CPU.Build.0 = Release|Any CPU
		{6A0F2C74-2B10-4839-8DA7-83FC2A183B94}.Debug|Any CPU.ActiveCfg = Debug|Any CPU
		{6A0F2C74-2B10-4839-8DA7-83FC2A183B94}.Debug|Any CPU.Build.0 = Debug|Any CPU
		{6A0F2C74-2B10-4839-8DA7-83FC2A183B94}.Release|Any CPU.ActiveCfg = Release|Any CPU
		{6A0F2C74-2B10-4839-8DA7-83FC2A183B94}.Release|Any CPU.Build.0 = Release|Any CPU
		{E693D582-5BE4-4D88-A84C-257C8ED996DE}.Debug|Any CPU.ActiveCfg = Debug|Any CPU
		{E693D582-5BE4-4D88-A84C-257C8ED996DE}.Debug|Any CPU.Build.0 = Debug|Any CPU
		{E693D582-5BE4-4D88-A84C-257C8ED996DE}.Release|Any CPU.ActiveCfg = Release|Any CPU
		{E693D582-5BE4-4D88-A84C-257C8ED996DE}.Release|Any CPU.Build.0 = Release|Any CPU
		{BA47DD1A-56E2-44A1-9790-1E6661A3AEA7}.Debug|Any CPU.ActiveCfg = Debug|Any CPU
		{BA47DD1A-56E2-44A1-9790-1E6661A3AEA7}.Debug|Any CPU.Build.0 = Debug|Any CPU
		{BA47DD1A-56E2-44A1-9790-1E6661A3AEA7}.Release|Any CPU.ActiveCfg = Release|Any CPU
		{BA47DD1A-56E2-44A1-9790-1E6661A3AEA7}.Release|Any CPU.Build.0 = Release|Any CPU
		{0F15FFD0-3EB1-4CDF-9EDE-59CBCFECAA1C}.Debug|Any CPU.ActiveCfg = Debug|Any CPU
		{0F15FFD0-3EB1-4CDF-9EDE-59CBCFECAA1C}.Debug|Any CPU.Build.0 = Debug|Any CPU
		{0F15FFD0-3EB1-4CDF-9EDE-59CBCFECAA1C}.Release|Any CPU.ActiveCfg = Release|Any CPU
		{0F15FFD0-3EB1-4CDF-9EDE-59CBCFECAA1C}.Release|Any CPU.Build.0 = Release|Any CPU
	EndGlobalSection
	GlobalSection(SolutionProperties) = preSolution
		HideSolutionNode = FALSE
	EndGlobalSection
	GlobalSection(ExtensibilityGlobals) = postSolution
		SolutionGuid = {2FF2CC6B-17B7-4780-AD29-BD54B0B27A19}
	EndGlobalSection
EndGlobal
